
Microsoft Visual Studio Solution File, Format Version 12.00
# Visual Studio 2012
Project("{FAE04EC0-301F-11D3-BF4B-00C04F79EFBC}") = "FacadePattern", "FacadePattern\FacadePattern.csproj", "{11B98CA1-6E30-41BF-92A8-EC5781034DF3}"
EndProject
Project("{FAE04EC0-301F-11D3-BF4B-00C04F79EFBC}") = "SingletonPattern", "SingletonPattern\SingletonPattern.csproj", "{A93714C6-CD14-41D2-BFFF-7D052DC9C468}"
EndProject
Project("{FAE04EC0-301F-11D3-BF4B-00C04F79EFBC}") = "MediatorPattern", "MediatorPattern\MediatorPattern.csproj", "{C92B1944-1AAD-4CE2-94F8-4EB16FE7D264}"
EndProject
Global
	GlobalSection(SolutionConfigurationPlatforms) = preSolution
		Debug|Any CPU = Debug|Any CPU
		Release|Any CPU = Release|Any CPU
	EndGlobalSection
	GlobalSection(ProjectConfigurationPlatforms) = postSolution
		{11B98CA1-6E30-41BF-92A8-EC5781034DF3}.Debug|Any CPU.ActiveCfg = Debug|Any CPU
		{11B98CA1-6E30-41BF-92A8-EC5781034DF3}.Debug|Any CPU.Build.0 = Debug|Any CPU
		{11B98CA1-6E30-41BF-92A8-EC5781034DF3}.Release|Any CPU.ActiveCfg = Release|Any CPU
		{11B98CA1-6E30-41BF-92A8-EC5781034DF3}.Release|Any CPU.Build.0 = Release|Any CPU
		{A93714C6-CD14-41D2-BFFF-7D052DC9C468}.Debug|Any CPU.ActiveCfg = Debug|Any CPU
		{A93714C6-CD14-41D2-BFFF-7D052DC9C468}.Debug|Any CPU.Build.0 = Debug|Any CPU
		{A93714C6-CD14-41D2-BFFF-7D052DC9C468}.Release|Any CPU.ActiveCfg = Release|Any CPU
		{A93714C6-CD14-41D2-BFFF-7D052DC9C468}.Release|Any CPU.Build.0 = Release|Any CPU
		{C92B1944-1AAD-4CE2-94F8-4EB16FE7D264}.Debug|Any CPU.ActiveCfg = Debug|Any CPU
		{C92B1944-1AAD-4CE2-94F8-4EB16FE7D264}.Debug|Any CPU.Build.0 = Debug|Any CPU
		{C92B1944-1AAD-4CE2-94F8-4EB16FE7D264}.Release|Any CPU.ActiveCfg = Release|Any CPU
		{C92B1944-1AAD-4CE2-94F8-4EB16FE7D264}.Release|Any CPU.Build.0 = Release|Any CPU
	EndGlobalSection
	GlobalSection(SolutionProperties) = preSolution
		HideSolutionNode = FALSE
	EndGlobalSection
EndGlobal
